// !$*UTF8*$!
{
	archiveVersion = 1;
	classes = {
	};
	objectVersion = 46;
	objects = {

/* Begin PBXBuildFile section */
		21B357BE183016E5000B0566 /* Workout.m in Sources */ = {isa = PBXBuildFile; fileRef = 21B357BD183016E5000B0566 /* Workout.m */; };
		21B357C118301894000B0566 /* WorkoutProgressViewController.m in Sources */ = {isa = PBXBuildFile; fileRef = 21B357C018301894000B0566 /* WorkoutProgressViewController.m */; };
		21B357C51830B7D4000B0566 /* WorkoutPauseViewController.m in Sources */ = {isa = PBXBuildFile; fileRef = 21B357C41830B7D4000B0566 /* WorkoutPauseViewController.m */; };
		B20433B71830220800308F13 /* AudioIntervalDistanceViewController.m in Sources */ = {isa = PBXBuildFile; fileRef = B20433B61830220800308F13 /* AudioIntervalDistanceViewController.m */; };
		B21B9FD3182D54B300F8C3EC /* Foundation.framework in Frameworks */ = {isa = PBXBuildFile; fileRef = B21B9FD2182D54B300F8C3EC /* Foundation.framework */; };
		B21B9FD5182D54B300F8C3EC /* CoreGraphics.framework in Frameworks */ = {isa = PBXBuildFile; fileRef = B21B9FD4182D54B300F8C3EC /* CoreGraphics.framework */; };
		B21B9FD7182D54B300F8C3EC /* UIKit.framework in Frameworks */ = {isa = PBXBuildFile; fileRef = B21B9FD6182D54B300F8C3EC /* UIKit.framework */; };
		B21B9FD9182D54B300F8C3EC /* CoreData.framework in Frameworks */ = {isa = PBXBuildFile; fileRef = B21B9FD8182D54B300F8C3EC /* CoreData.framework */; };
		B21B9FDF182D54B300F8C3EC /* InfoPlist.strings in Resources */ = {isa = PBXBuildFile; fileRef = B21B9FDD182D54B300F8C3EC /* InfoPlist.strings */; };
		B21B9FE1182D54B300F8C3EC /* main.m in Sources */ = {isa = PBXBuildFile; fileRef = B21B9FE0182D54B300F8C3EC /* main.m */; };
		B21B9FE5182D54B300F8C3EC /* AppDelegate.m in Sources */ = {isa = PBXBuildFile; fileRef = B21B9FE4182D54B300F8C3EC /* AppDelegate.m */; };
		B21B9FE8182D54B300F8C3EC /* Tom_Tutorial.xcdatamodeld in Sources */ = {isa = PBXBuildFile; fileRef = B21B9FE6182D54B300F8C3EC /* Tom_Tutorial.xcdatamodeld */; };
		B21B9FEA182D54B300F8C3EC /* Images.xcassets in Resources */ = {isa = PBXBuildFile; fileRef = B21B9FE9182D54B300F8C3EC /* Images.xcassets */; };
		B21B9FF1182D54B300F8C3EC /* XCTest.framework in Frameworks */ = {isa = PBXBuildFile; fileRef = B21B9FF0182D54B300F8C3EC /* XCTest.framework */; };
		B21B9FF2182D54B300F8C3EC /* Foundation.framework in Frameworks */ = {isa = PBXBuildFile; fileRef = B21B9FD2182D54B300F8C3EC /* Foundation.framework */; };
		B21B9FF3182D54B300F8C3EC /* UIKit.framework in Frameworks */ = {isa = PBXBuildFile; fileRef = B21B9FD6182D54B300F8C3EC /* UIKit.framework */; };
		B21B9FF4182D54B300F8C3EC /* CoreData.framework in Frameworks */ = {isa = PBXBuildFile; fileRef = B21B9FD8182D54B300F8C3EC /* CoreData.framework */; };
		B21B9FFC182D54B300F8C3EC /* InfoPlist.strings in Resources */ = {isa = PBXBuildFile; fileRef = B21B9FFA182D54B300F8C3EC /* InfoPlist.strings */; };
		B21B9FFE182D54B300F8C3EC /* Tom_TutorialTests.m in Sources */ = {isa = PBXBuildFile; fileRef = B21B9FFD182D54B300F8C3EC /* Tom_TutorialTests.m */; };
		B21BA008182D54DB00F8C3EC /* Storyboard.storyboard in Resources */ = {isa = PBXBuildFile; fileRef = B21BA007182D54DB00F8C3EC /* Storyboard.storyboard */; };
		B21BA00B182D5C3800F8C3EC /* Model.xcdatamodeld in Sources */ = {isa = PBXBuildFile; fileRef = B21BA009182D5C3800F8C3EC /* Model.xcdatamodeld */; };
		B21BA0101830125800F8C3EC /* AudioIntervalTimeViewController.m in Sources */ = {isa = PBXBuildFile; fileRef = B21BA00F1830125800F8C3EC /* AudioIntervalTimeViewController.m */; };
/* End PBXBuildFile section */

/* Begin PBXContainerItemProxy section */
		B21B9FF5182D54B300F8C3EC /* PBXContainerItemProxy */ = {
			isa = PBXContainerItemProxy;
			containerPortal = B21B9FC7182D54B300F8C3EC /* Project object */;
			proxyType = 1;
			remoteGlobalIDString = B21B9FCE182D54B300F8C3EC;
			remoteInfo = "Tom Tutorial";
		};
/* End PBXContainerItemProxy section */

/* Begin PBXFileReference section */
		21B357BC183016E5000B0566 /* Workout.h */ = {isa = PBXFileReference; fileEncoding = 4; lastKnownFileType = sourcecode.c.h; path = Workout.h; sourceTree = "<group>"; };
		21B357BD183016E5000B0566 /* Workout.m */ = {isa = PBXFileReference; fileEncoding = 4; lastKnownFileType = sourcecode.c.objc; path = Workout.m; sourceTree = "<group>"; };
		21B357C018301894000B0566 /* WorkoutProgressViewController.m */ = {isa = PBXFileReference; fileEncoding = 4; lastKnownFileType = sourcecode.c.objc; path = WorkoutProgressViewController.m; sourceTree = "<group>"; };
		21B357C31830B7D3000B0566 /* WorkoutPauseViewController.h */ = {isa = PBXFileReference; fileEncoding = 4; lastKnownFileType = sourcecode.c.h; path = WorkoutPauseViewController.h; sourceTree = "<group>"; };
		21B357C41830B7D4000B0566 /* WorkoutPauseViewController.m */ = {isa = PBXFileReference; fileEncoding = 4; lastKnownFileType = sourcecode.c.objc; path = WorkoutPauseViewController.m; sourceTree = "<group>"; };
		21B357C61830C061000B0566 /* WorkoutProgressViewController.h */ = {isa = PBXFileReference; lastKnownFileType = sourcecode.c.h; path = WorkoutProgressViewController.h; sourceTree = "<group>"; };
		B20433B51830220800308F13 /* AudioIntervalDistanceViewController.h */ = {isa = PBXFileReference; fileEncoding = 4; lastKnownFileType = sourcecode.c.h; path = AudioIntervalDistanceViewController.h; sourceTree = "<group>"; };
		B20433B61830220800308F13 /* AudioIntervalDistanceViewController.m */ = {isa = PBXFileReference; fileEncoding = 4; lastKnownFileType = sourcecode.c.objc; path = AudioIntervalDistanceViewController.m; sourceTree = "<group>"; };
		B21B9FCF182D54B300F8C3EC /* Tom Tutorial.app */ = {isa = PBXFileReference; explicitFileType = wrapper.application; includeInIndex = 0; path = "Tom Tutorial.app"; sourceTree = BUILT_PRODUCTS_DIR; };
		B21B9FD2182D54B300F8C3EC /* Foundation.framework */ = {isa = PBXFileReference; lastKnownFileType = wrapper.framework; name = Foundation.framework; path = System/Library/Frameworks/Foundation.framework; sourceTree = SDKROOT; };
		B21B9FD4182D54B300F8C3EC /* CoreGraphics.framework */ = {isa = PBXFileReference; lastKnownFileType = wrapper.framework; name = CoreGraphics.framework; path = System/Library/Frameworks/CoreGraphics.framework; sourceTree = SDKROOT; };
		B21B9FD6182D54B300F8C3EC /* UIKit.framework */ = {isa = PBXFileReference; lastKnownFileType = wrapper.framework; name = UIKit.framework; path = System/Library/Frameworks/UIKit.framework; sourceTree = SDKROOT; };
		B21B9FD8182D54B300F8C3EC /* CoreData.framework */ = {isa = PBXFileReference; lastKnownFileType = wrapper.framework; name = CoreData.framework; path = System/Library/Frameworks/CoreData.framework; sourceTree = SDKROOT; };
		B21B9FDC182D54B300F8C3EC /* Tom Tutorial-Info.plist */ = {isa = PBXFileReference; lastKnownFileType = text.plist.xml; path = "Tom Tutorial-Info.plist"; sourceTree = "<group>"; };
		B21B9FDE182D54B300F8C3EC /* en */ = {isa = PBXFileReference; lastKnownFileType = text.plist.strings; name = en; path = en.lproj/InfoPlist.strings; sourceTree = "<group>"; };
		B21B9FE0182D54B300F8C3EC /* main.m */ = {isa = PBXFileReference; lastKnownFileType = sourcecode.c.objc; path = main.m; sourceTree = "<group>"; };
		B21B9FE2182D54B300F8C3EC /* Tom Tutorial-Prefix.pch */ = {isa = PBXFileReference; lastKnownFileType = sourcecode.c.h; path = "Tom Tutorial-Prefix.pch"; sourceTree = "<group>"; };
		B21B9FE3182D54B300F8C3EC /* AppDelegate.h */ = {isa = PBXFileReference; lastKnownFileType = sourcecode.c.h; path = AppDelegate.h; sourceTree = "<group>"; };
		B21B9FE4182D54B300F8C3EC /* AppDelegate.m */ = {isa = PBXFileReference; lastKnownFileType = sourcecode.c.objc; path = AppDelegate.m; sourceTree = "<group>"; };
		B21B9FE7182D54B300F8C3EC /* Tom_Tutorial.xcdatamodel */ = {isa = PBXFileReference; lastKnownFileType = wrapper.xcdatamodel; path = Tom_Tutorial.xcdatamodel; sourceTree = "<group>"; };
		B21B9FE9182D54B300F8C3EC /* Images.xcassets */ = {isa = PBXFileReference; lastKnownFileType = folder.assetcatalog; path = Images.xcassets; sourceTree = "<group>"; };
		B21B9FEF182D54B300F8C3EC /* Tom TutorialTests.xctest */ = {isa = PBXFileReference; explicitFileType = wrapper.cfbundle; includeInIndex = 0; path = "Tom TutorialTests.xctest"; sourceTree = BUILT_PRODUCTS_DIR; };
		B21B9FF0182D54B300F8C3EC /* XCTest.framework */ = {isa = PBXFileReference; lastKnownFileType = wrapper.framework; name = XCTest.framework; path = Library/Frameworks/XCTest.framework; sourceTree = DEVELOPER_DIR; };
		B21B9FF9182D54B300F8C3EC /* Tom TutorialTests-Info.plist */ = {isa = PBXFileReference; lastKnownFileType = text.plist.xml; path = "Tom TutorialTests-Info.plist"; sourceTree = "<group>"; };
		B21B9FFB182D54B300F8C3EC /* en */ = {isa = PBXFileReference; lastKnownFileType = text.plist.strings; name = en; path = en.lproj/InfoPlist.strings; sourceTree = "<group>"; };
		B21B9FFD182D54B300F8C3EC /* Tom_TutorialTests.m */ = {isa = PBXFileReference; lastKnownFileType = sourcecode.c.objc; path = Tom_TutorialTests.m; sourceTree = "<group>"; };
		B21BA007182D54DB00F8C3EC /* Storyboard.storyboard */ = {isa = PBXFileReference; fileEncoding = 4; lastKnownFileType = file.storyboard; path = Storyboard.storyboard; sourceTree = "<group>"; };
		B21BA00A182D5C3800F8C3EC /* Model.xcdatamodel */ = {isa = PBXFileReference; lastKnownFileType = wrapper.xcdatamodel; path = Model.xcdatamodel; sourceTree = "<group>"; };
		B21BA00E1830125800F8C3EC /* AudioIntervalTimeViewController.h */ = {isa = PBXFileReference; fileEncoding = 4; lastKnownFileType = sourcecode.c.h; path = AudioIntervalTimeViewController.h; sourceTree = "<group>"; };
		B21BA00F1830125800F8C3EC /* AudioIntervalTimeViewController.m */ = {isa = PBXFileReference; fileEncoding = 4; lastKnownFileType = sourcecode.c.objc; path = AudioIntervalTimeViewController.m; sourceTree = "<group>"; };
/* End PBXFileReference section */

/* Begin PBXFrameworksBuildPhase section */
		B21B9FCC182D54B300F8C3EC /* Frameworks */ = {
			isa = PBXFrameworksBuildPhase;
			buildActionMask = 2147483647;
			files = (
				B21B9FD5182D54B300F8C3EC /* CoreGraphics.framework in Frameworks */,
				B21B9FD9182D54B300F8C3EC /* CoreData.framework in Frameworks */,
				B21B9FD7182D54B300F8C3EC /* UIKit.framework in Frameworks */,
				B21B9FD3182D54B300F8C3EC /* Foundation.framework in Frameworks */,
			);
			runOnlyForDeploymentPostprocessing = 0;
		};
		B21B9FEC182D54B300F8C3EC /* Frameworks */ = {
			isa = PBXFrameworksBuildPhase;
			buildActionMask = 2147483647;
			files = (
				B21B9FF1182D54B300F8C3EC /* XCTest.framework in Frameworks */,
				B21B9FF4182D54B300F8C3EC /* CoreData.framework in Frameworks */,
				B21B9FF3182D54B300F8C3EC /* UIKit.framework in Frameworks */,
				B21B9FF2182D54B300F8C3EC /* Foundation.framework in Frameworks */,
			);
			runOnlyForDeploymentPostprocessing = 0;
		};
/* End PBXFrameworksBuildPhase section */

/* Begin PBXGroup section */
		B21B9FC6182D54B300F8C3EC = {
			isa = PBXGroup;
			children = (
				B21B9FDA182D54B300F8C3EC /* Tom Tutorial */,
				B21B9FF7182D54B300F8C3EC /* Tom TutorialTests */,
				B21B9FD1182D54B300F8C3EC /* Frameworks */,
				B21B9FD0182D54B300F8C3EC /* Products */,
			);
			sourceTree = "<group>";
		};
		B21B9FD0182D54B300F8C3EC /* Products */ = {
			isa = PBXGroup;
			children = (
				B21B9FCF182D54B300F8C3EC /* Tom Tutorial.app */,
				B21B9FEF182D54B300F8C3EC /* Tom TutorialTests.xctest */,
			);
			name = Products;
			sourceTree = "<group>";
		};
		B21B9FD1182D54B300F8C3EC /* Frameworks */ = {
			isa = PBXGroup;
			children = (
				B21B9FD2182D54B300F8C3EC /* Foundation.framework */,
				B21B9FD4182D54B300F8C3EC /* CoreGraphics.framework */,
				B21B9FD6182D54B300F8C3EC /* UIKit.framework */,
				B21B9FD8182D54B300F8C3EC /* CoreData.framework */,
				B21B9FF0182D54B300F8C3EC /* XCTest.framework */,
			);
			name = Frameworks;
			sourceTree = "<group>";
		};
		B21B9FDA182D54B300F8C3EC /* Tom Tutorial */ = {
			isa = PBXGroup;
			children = (
				B21B9FE3182D54B300F8C3EC /* AppDelegate.h */,
				B21B9FE4182D54B300F8C3EC /* AppDelegate.m */,
				B21B9FE9182D54B300F8C3EC /* Images.xcassets */,
				B21B9FE6182D54B300F8C3EC /* Tom_Tutorial.xcdatamodeld */,
				B21B9FDB182D54B300F8C3EC /* Supporting Files */,
				B21BA007182D54DB00F8C3EC /* Storyboard.storyboard */,
				21B357C31830B7D3000B0566 /* WorkoutPauseViewController.h */,
				21B357C41830B7D4000B0566 /* WorkoutPauseViewController.m */,
				21B357C61830C061000B0566 /* WorkoutProgressViewController.h */,
				21B357C018301894000B0566 /* WorkoutProgressViewController.m */,
				B21BA009182D5C3800F8C3EC /* Model.xcdatamodeld */,
				21B357BC183016E5000B0566 /* Workout.h */,
				21B357BD183016E5000B0566 /* Workout.m */,
				B21BA00E1830125800F8C3EC /* AudioIntervalTimeViewController.h */,
				B21BA00F1830125800F8C3EC /* AudioIntervalTimeViewController.m */,
				B20433B51830220800308F13 /* AudioIntervalDistanceViewController.h */,
				B20433B61830220800308F13 /* AudioIntervalDistanceViewController.m */,
			);
			path = "Tom Tutorial";
			sourceTree = "<group>";
		};
		B21B9FDB182D54B300F8C3EC /* Supporting Files */ = {
			isa = PBXGroup;
			children = (
				B21B9FDC182D54B300F8C3EC /* Tom Tutorial-Info.plist */,
				B21B9FDD182D54B300F8C3EC /* InfoPlist.strings */,
				B21B9FE0182D54B300F8C3EC /* main.m */,
				B21B9FE2182D54B300F8C3EC /* Tom Tutorial-Prefix.pch */,
			);
			name = "Supporting Files";
			sourceTree = "<group>";
		};
		B21B9FF7182D54B300F8C3EC /* Tom TutorialTests */ = {
			isa = PBXGroup;
			children = (
				B21B9FFD182D54B300F8C3EC /* Tom_TutorialTests.m */,
				B21B9FF8182D54B300F8C3EC /* Supporting Files */,
			);
			path = "Tom TutorialTests";
			sourceTree = "<group>";
		};
		B21B9FF8182D54B300F8C3EC /* Supporting Files */ = {
			isa = PBXGroup;
			children = (
				B21B9FF9182D54B300F8C3EC /* Tom TutorialTests-Info.plist */,
				B21B9FFA182D54B300F8C3EC /* InfoPlist.strings */,
			);
			name = "Supporting Files";
			sourceTree = "<group>";
		};
/* End PBXGroup section */

/* Begin PBXNativeTarget section */
		B21B9FCE182D54B300F8C3EC /* Tom Tutorial */ = {
			isa = PBXNativeTarget;
			buildConfigurationList = B21BA001182D54B300F8C3EC /* Build configuration list for PBXNativeTarget "Tom Tutorial" */;
			buildPhases = (
				B21B9FCB182D54B300F8C3EC /* Sources */,
				B21B9FCC182D54B300F8C3EC /* Frameworks */,
				B21B9FCD182D54B300F8C3EC /* Resources */,
			);
			buildRules = (
			);
			dependencies = (
			);
			name = "Tom Tutorial";
			productName = "Tom Tutorial";
			productReference = B21B9FCF182D54B300F8C3EC /* Tom Tutorial.app */;
			productType = "com.apple.product-type.application";
		};
		B21B9FEE182D54B300F8C3EC /* Tom TutorialTests */ = {
			isa = PBXNativeTarget;
			buildConfigurationList = B21BA004182D54B300F8C3EC /* Build configuration list for PBXNativeTarget "Tom TutorialTests" */;
			buildPhases = (
				B21B9FEB182D54B300F8C3EC /* Sources */,
				B21B9FEC182D54B300F8C3EC /* Frameworks */,
				B21B9FED182D54B300F8C3EC /* Resources */,
			);
			buildRules = (
			);
			dependencies = (
				B21B9FF6182D54B300F8C3EC /* PBXTargetDependency */,
			);
			name = "Tom TutorialTests";
			productName = "Tom TutorialTests";
			productReference = B21B9FEF182D54B300F8C3EC /* Tom TutorialTests.xctest */;
			productType = "com.apple.product-type.bundle.unit-test";
		};
/* End PBXNativeTarget section */

/* Begin PBXProject section */
		B21B9FC7182D54B300F8C3EC /* Project object */ = {
			isa = PBXProject;
			attributes = {
				LastUpgradeCheck = 0500;
				ORGANIZATIONNAME = "MIT PPAT Team Jonathan";
				TargetAttributes = {
					B21B9FEE182D54B300F8C3EC = {
						TestTargetID = B21B9FCE182D54B300F8C3EC;
					};
				};
			};
			buildConfigurationList = B21B9FCA182D54B300F8C3EC /* Build configuration list for PBXProject "Tom Tutorial" */;
			compatibilityVersion = "Xcode 3.2";
			developmentRegion = English;
			hasScannedForEncodings = 0;
			knownRegions = (
				en,
			);
			mainGroup = B21B9FC6182D54B300F8C3EC;
			productRefGroup = B21B9FD0182D54B300F8C3EC /* Products */;
			projectDirPath = "";
			projectRoot = "";
			targets = (
				B21B9FCE182D54B300F8C3EC /* Tom Tutorial */,
				B21B9FEE182D54B300F8C3EC /* Tom TutorialTests */,
			);
		};
/* End PBXProject section */

/* Begin PBXResourcesBuildPhase section */
		B21B9FCD182D54B300F8C3EC /* Resources */ = {
			isa = PBXResourcesBuildPhase;
			buildActionMask = 2147483647;
			files = (
				B21B9FDF182D54B300F8C3EC /* InfoPlist.strings in Resources */,
				B21B9FEA182D54B300F8C3EC /* Images.xcassets in Resources */,
				B21BA008182D54DB00F8C3EC /* Storyboard.storyboard in Resources */,
			);
			runOnlyForDeploymentPostprocessing = 0;
		};
		B21B9FED182D54B300F8C3EC /* Resources */ = {
			isa = PBXResourcesBuildPhase;
			buildActionMask = 2147483647;
			files = (
				B21B9FFC182D54B300F8C3EC /* InfoPlist.strings in Resources */,
			);
			runOnlyForDeploymentPostprocessing = 0;
		};
/* End PBXResourcesBuildPhase section */

/* Begin PBXSourcesBuildPhase section */
		B21B9FCB182D54B300F8C3EC /* Sources */ = {
			isa = PBXSourcesBuildPhase;
			buildActionMask = 2147483647;
			files = (
				21B357C51830B7D4000B0566 /* WorkoutPauseViewController.m in Sources */,
				B21B9FE5182D54B300F8C3EC /* AppDelegate.m in Sources */,
				B20433B71830220800308F13 /* AudioIntervalDistanceViewController.m in Sources */,
				B21BA0101830125800F8C3EC /* AudioIntervalTimeViewController.m in Sources */,
				B21B9FE8182D54B300F8C3EC /* Tom_Tutorial.xcdatamodeld in Sources */,
				B21B9FE1182D54B300F8C3EC /* main.m in Sources */,
				21B357C118301894000B0566 /* WorkoutProgressViewController.m in Sources */,
				B21BA00B182D5C3800F8C3EC /* Model.xcdatamodeld in Sources */,
				21B357BE183016E5000B0566 /* Workout.m in Sources */,
			);
			runOnlyForDeploymentPostprocessing = 0;
		};
		B21B9FEB182D54B300F8C3EC /* Sources */ = {
			isa = PBXSourcesBuildPhase;
			buildActionMask = 2147483647;
			files = (
				B21B9FFE182D54B300F8C3EC /* Tom_TutorialTests.m in Sources */,
			);
			runOnlyForDeploymentPostprocessing = 0;
		};
/* End PBXSourcesBuildPhase section */

/* Begin PBXTargetDependency section */
		B21B9FF6182D54B300F8C3EC /* PBXTargetDependency */ = {
			isa = PBXTargetDependency;
			target = B21B9FCE182D54B300F8C3EC /* Tom Tutorial */;
			targetProxy = B21B9FF5182D54B300F8C3EC /* PBXContainerItemProxy */;
		};
/* End PBXTargetDependency section */

/* Begin PBXVariantGroup section */
		B21B9FDD182D54B300F8C3EC /* InfoPlist.strings */ = {
			isa = PBXVariantGroup;
			children = (
				B21B9FDE182D54B300F8C3EC /* en */,
			);
			name = InfoPlist.strings;
			sourceTree = "<group>";
		};
		B21B9FFA182D54B300F8C3EC /* InfoPlist.strings */ = {
			isa = PBXVariantGroup;
			children = (
				B21B9FFB182D54B300F8C3EC /* en */,
			);
			name = InfoPlist.strings;
			sourceTree = "<group>";
		};
/* End PBXVariantGroup section */

/* Begin XCBuildConfiguration section */
		B21B9FFF182D54B300F8C3EC /* Debug */ = {
			isa = XCBuildConfiguration;
			buildSettings = {
				ALWAYS_SEARCH_USER_PATHS = NO;
				ARCHS = "$(ARCHS_STANDARD_INCLUDING_64_BIT)";
				CLANG_CXX_LANGUAGE_STANDARD = "gnu++0x";
				CLANG_CXX_LIBRARY = "libc++";
				CLANG_ENABLE_MODULES = YES;
				CLANG_ENABLE_OBJC_ARC = YES;
				CLANG_WARN_BOOL_CONVERSION = YES;
				CLANG_WARN_CONSTANT_CONVERSION = YES;
				CLANG_WARN_DIRECT_OBJC_ISA_USAGE = YES_ERROR;
				CLANG_WARN_EMPTY_BODY = YES;
				CLANG_WARN_ENUM_CONVERSION = YES;
				CLANG_WARN_INT_CONVERSION = YES;
				CLANG_WARN_OBJC_ROOT_CLASS = YES_ERROR;
				CLANG_WARN__DUPLICATE_METHOD_MATCH = YES;
				"CODE_SIGN_IDENTITY[sdk=iphoneos*]" = "iPhone Developer";
				COPY_PHASE_STRIP = NO;
				GCC_C_LANGUAGE_STANDARD = gnu99;
				GCC_DYNAMIC_NO_PIC = NO;
				GCC_OPTIMIZATION_LEVEL = 0;
				GCC_PREPROCESSOR_DEFINITIONS = (
					"DEBUG=1",
					"$(inherited)",
				);
				GCC_SYMBOLS_PRIVATE_EXTERN = NO;
				GCC_WARN_64_TO_32_BIT_CONVERSION = YES;
				GCC_WARN_ABOUT_RETURN_TYPE = YES_ERROR;
				GCC_WARN_UNDECLARED_SELECTOR = YES;
				GCC_WARN_UNINITIALIZED_AUTOS = YES;
				GCC_WARN_UNUSED_FUNCTION = YES;
				GCC_WARN_UNUSED_VARIABLE = YES;
				IPHONEOS_DEPLOYMENT_TARGET = 7.0;
				ONLY_ACTIVE_ARCH = YES;
				SDKROOT = iphoneos;
			};
			name = Debug;
		};
		B21BA000182D54B300F8C3EC /* Release */ = {
			isa = XCBuildConfiguration;
			buildSettings = {
				ALWAYS_SEARCH_USER_PATHS = NO;
				ARCHS = "$(ARCHS_STANDARD_INCLUDING_64_BIT)";
				CLANG_CXX_LANGUAGE_STANDARD = "gnu++0x";
				CLANG_CXX_LIBRARY = "libc++";
				CLANG_ENABLE_MODULES = YES;
				CLANG_ENABLE_OBJC_ARC = YES;
				CLANG_WARN_BOOL_CONVERSION = YES;
				CLANG_WARN_CONSTANT_CONVERSION = YES;
				CLANG_WARN_DIRECT_OBJC_ISA_USAGE = YES_ERROR;
				CLANG_WARN_EMPTY_BODY = YES;
				CLANG_WARN_ENUM_CONVERSION = YES;
				CLANG_WARN_INT_CONVERSION = YES;
				CLANG_WARN_OBJC_ROOT_CLASS = YES_ERROR;
				CLANG_WARN__DUPLICATE_METHOD_MATCH = YES;
				"CODE_SIGN_IDENTITY[sdk=iphoneos*]" = "iPhone Developer";
				COPY_PHASE_STRIP = YES;
				ENABLE_NS_ASSERTIONS = NO;
				GCC_C_LANGUAGE_STANDARD = gnu99;
				GCC_WARN_64_TO_32_BIT_CONVERSION = YES;
				GCC_WARN_ABOUT_RETURN_TYPE = YES_ERROR;
				GCC_WARN_UNDECLARED_SELECTOR = YES;
				GCC_WARN_UNINITIALIZED_AUTOS = YES;
				GCC_WARN_UNUSED_FUNCTION = YES;
				GCC_WARN_UNUSED_VARIABLE = YES;
				IPHONEOS_DEPLOYMENT_TARGET = 7.0;
				SDKROOT = iphoneos;
				VALIDATE_PRODUCT = YES;
			};
			name = Release;
		};
		B21BA002182D54B300F8C3EC /* Debug */ = {
			isa = XCBuildConfiguration;
			buildSettings = {
				ASSETCATALOG_COMPILER_APPICON_NAME = AppIcon;
				ASSETCATALOG_COMPILER_LAUNCHIMAGE_NAME = LaunchImage;
				GCC_PRECOMPILE_PREFIX_HEADER = YES;
				GCC_PREFIX_HEADER = "Tom Tutorial/Tom Tutorial-Prefix.pch";
				INFOPLIST_FILE = "Tom Tutorial/Tom Tutorial-Info.plist";
				IPHONEOS_DEPLOYMENT_TARGET = 6.0;
				PRODUCT_NAME = "$(TARGET_NAME)";
				WRAPPER_EXTENSION = app;
			};
			name = Debug;
		};
		B21BA003182D54B300F8C3EC /* Release */ = {
			isa = XCBuildConfiguration;
			buildSettings = {
				ASSETCATALOG_COMPILER_APPICON_NAME = AppIcon;
				ASSETCATALOG_COMPILER_LAUNCHIMAGE_NAME = LaunchImage;
				GCC_PRECOMPILE_PREFIX_HEADER = YES;
				GCC_PREFIX_HEADER = "Tom Tutorial/Tom Tutorial-Prefix.pch";
				INFOPLIST_FILE = "Tom Tutorial/Tom Tutorial-Info.plist";
				IPHONEOS_DEPLOYMENT_TARGET = 6.0;
				PRODUCT_NAME = "$(TARGET_NAME)";
				WRAPPER_EXTENSION = app;
			};
			name = Release;
		};
		B21BA005182D54B300F8C3EC /* Debug */ = {
			isa = XCBuildConfiguration;
			buildSettings = {
				ARCHS = "$(ARCHS_STANDARD_INCLUDING_64_BIT)";
				BUNDLE_LOADER = "$(BUILT_PRODUCTS_DIR)/Tom Tutorial.app/Tom Tutorial";
				FRAMEWORK_SEARCH_PATHS = (
					"$(SDKROOT)/Developer/Library/Frameworks",
					"$(inherited)",
					"$(DEVELOPER_FRAMEWORKS_DIR)",
				);
				GCC_PRECOMPILE_PREFIX_HEADER = YES;
				GCC_PREFIX_HEADER = "Tom Tutorial/Tom Tutorial-Prefix.pch";
				GCC_PREPROCESSOR_DEFINITIONS = (
					"DEBUG=1",
					"$(inherited)",
				);
				INFOPLIST_FILE = "Tom TutorialTests/Tom TutorialTests-Info.plist";
				PRODUCT_NAME = "$(TARGET_NAME)";
				TEST_HOST = "$(BUNDLE_LOADER)";
				WRAPPER_EXTENSION = xctest;
			};
			name = Debug;
		};
		B21BA006182D54B300F8C3EC /* Release */ = {
			isa = XCBuildConfiguration;
			buildSettings = {
				ARCHS = "$(ARCHS_STANDARD_INCLUDING_64_BIT)";
				BUNDLE_LOADER = "$(BUILT_PRODUCTS_DIR)/Tom Tutorial.app/Tom Tutorial";
				FRAMEWORK_SEARCH_PATHS = (
					"$(SDKROOT)/Developer/Library/Frameworks",
					"$(inherited)",
					"$(DEVELOPER_FRAMEWORKS_DIR)",
				);
				GCC_PRECOMPILE_PREFIX_HEADER = YES;
				GCC_PREFIX_HEADER = "Tom Tutorial/Tom Tutorial-Prefix.pch";
				INFOPLIST_FILE = "Tom TutorialTests/Tom TutorialTests-Info.plist";
				PRODUCT_NAME = "$(TARGET_NAME)";
				TEST_HOST = "$(BUNDLE_LOADER)";
				WRAPPER_EXTENSION = xctest;
			};
			name = Release;
		};
/* End XCBuildConfiguration section */

/* Begin XCConfigurationList section */
		B21B9FCA182D54B300F8C3EC /* Build configuration list for PBXProject "Tom Tutorial" */ = {
			isa = XCConfigurationList;
			buildConfigurations = (
				B21B9FFF182D54B300F8C3EC /* Debug */,
				B21BA000182D54B300F8C3EC /* Release */,
			);
			defaultConfigurationIsVisible = 0;
			defaultConfigurationName = Release;
		};
		B21BA001182D54B300F8C3EC /* Build configuration list for PBXNativeTarget "Tom Tutorial" */ = {
			isa = XCConfigurationList;
			buildConfigurations = (
				B21BA002182D54B300F8C3EC /* Debug */,
				B21BA003182D54B300F8C3EC /* Release */,
			);
			defaultConfigurationIsVisible = 0;
			defaultConfigurationName = Release;
		};
		B21BA004182D54B300F8C3EC /* Build configuration list for PBXNativeTarget "Tom TutorialTests" */ = {
			isa = XCConfigurationList;
			buildConfigurations = (
				B21BA005182D54B300F8C3EC /* Debug */,
				B21BA006182D54B300F8C3EC /* Release */,
			);
			defaultConfigurationIsVisible = 0;
			defaultConfigurationName = Release;
		};
/* End XCConfigurationList section */

/* Begin XCVersionGroup section */
		B21B9FE6182D54B300F8C3EC /* Tom_Tutorial.xcdatamodeld */ = {
			isa = XCVersionGroup;
			children = (
				B21B9FE7182D54B300F8C3EC /* Tom_Tutorial.xcdatamodel */,
			);
			currentVersion = B21B9FE7182D54B300F8C3EC /* Tom_Tutorial.xcdatamodel */;
			path = Tom_Tutorial.xcdatamodeld;
			sourceTree = "<group>";
			versionGroupType = wrapper.xcdatamodel;
		};
		B21BA009182D5C3800F8C3EC /* Model.xcdatamodeld */ = {
			isa = XCVersionGroup;
			children = (
				B21BA00A182D5C3800F8C3EC /* Model.xcdatamodel */,
			);
			currentVersion = B21BA00A182D5C3800F8C3EC /* Model.xcdatamodel */;
			path = Model.xcdatamodeld;
			sourceTree = "<group>";
			versionGroupType = wrapper.xcdatamodel;
		};
/* End XCVersionGroup section */
	};
	rootObject = B21B9FC7182D54B300F8C3EC /* Project object */;
}
